
Microsoft Visual Studio Solution File, Format Version 12.00
# Visual Studio Version 17
VisualStudioVersion = 17.1.32210.238
MinimumVisualStudioVersion = 10.0.40219.1
Project("{FAE04EC0-301F-11D3-BF4B-00C04F79EFBC}") = "Todo.Api", "Todo.Api\Todo.Api.csproj", "{7BB2A984-3629-40E4-A210-7C6E93E5DF33}"
EndProject
Global
	GlobalSection(SolutionConfigurationPlatforms) = preSolution
		Debug|Any CPU = Debug|Any CPU
		Release|Any CPU = Release|Any CPU
	EndGlobalSection
	GlobalSection(ProjectConfigurationPlatforms) = postSolution
		{7BB2A984-3629-40E4-A210-7C6E93E5DF33}.Debug|Any CPU.ActiveCfg = Debug|Any CPU
		{7BB2A984-3629-40E4-A210-7C6E93E5DF33}.Debug|Any CPU.Build.0 = Debug|Any CPU
		{7BB2A984-3629-40E4-A210-7C6E93E5DF33}.Release|Any CPU.ActiveCfg = Release|Any CPU
		{7BB2A984-3629-40E4-A210-7C6E93E5DF33}.Release|Any CPU.Build.0 = Release|Any CPU
	EndGlobalSection
	GlobalSection(SolutionProperties) = preSolution
		HideSolutionNode = FALSE
	EndGlobalSection
	GlobalSection(ExtensibilityGlobals) = postSolution
		SolutionGuid = {AF33EDFA-CC4B-431C-A3CE-9CC121F94CA2}
	EndGlobalSection
EndGlobal
