
Microsoft Visual Studio Solution File, Format Version 12.00
# Visual Studio Version 17
VisualStudioVersion = 17.2.32630.192
MinimumVisualStudioVersion = 10.0.40219.1
Project("{FAE04EC0-301F-11D3-BF4B-00C04F79EFBC}") = "Store.ProductApi", "Store.ProductApi\Store.ProductApi.csproj", "{22F71A18-47DA-49C8-BBB7-82A299594A88}"
EndProject
Global
	GlobalSection(SolutionConfigurationPlatforms) = preSolution
		Debug|Any CPU = Debug|Any CPU
		Release|Any CPU = Release|Any CPU
	EndGlobalSection
	GlobalSection(ProjectConfigurationPlatforms) = postSolution
		{22F71A18-47DA-49C8-BBB7-82A299594A88}.Debug|Any CPU.ActiveCfg = Debug|Any CPU
		{22F71A18-47DA-49C8-BBB7-82A299594A88}.Debug|Any CPU.Build.0 = Debug|Any CPU
		{22F71A18-47DA-49C8-BBB7-82A299594A88}.Release|Any CPU.ActiveCfg = Release|Any CPU
		{22F71A18-47DA-49C8-BBB7-82A299594A88}.Release|Any CPU.Build.0 = Release|Any CPU
	EndGlobalSection
	GlobalSection(SolutionProperties) = preSolution
		HideSolutionNode = FALSE
	EndGlobalSection
	GlobalSection(ExtensibilityGlobals) = postSolution
		SolutionGuid = {97DF4BE7-0627-4389-97F5-A9B3F448A919}
	EndGlobalSection
EndGlobal
