
Microsoft Visual Studio Solution File, Format Version 12.00
# Visual Studio Version 17
VisualStudioVersion = 17.1.32319.34
MinimumVisualStudioVersion = 10.0.40219.1
Project("{FAE04EC0-301F-11D3-BF4B-00C04F79EFBC}") = "WeatherApi", "WeatherApi\WeatherApi.csproj", "{61E73EF2-F236-487E-9AC7-F799BE9F5B5B}"
EndProject
Global
	GlobalSection(SolutionConfigurationPlatforms) = preSolution
		Debug|Any CPU = Debug|Any CPU
		Release|Any CPU = Release|Any CPU
	EndGlobalSection
	GlobalSection(ProjectConfigurationPlatforms) = postSolution
		{61E73EF2-F236-487E-9AC7-F799BE9F5B5B}.Debug|Any CPU.ActiveCfg = Debug|Any CPU
		{61E73EF2-F236-487E-9AC7-F799BE9F5B5B}.Debug|Any CPU.Build.0 = Debug|Any CPU
		{61E73EF2-F236-487E-9AC7-F799BE9F5B5B}.Release|Any CPU.ActiveCfg = Release|Any CPU
		{61E73EF2-F236-487E-9AC7-F799BE9F5B5B}.Release|Any CPU.Build.0 = Release|Any CPU
	EndGlobalSection
	GlobalSection(SolutionProperties) = preSolution
		HideSolutionNode = FALSE
	EndGlobalSection
	GlobalSection(ExtensibilityGlobals) = postSolution
		SolutionGuid = {C71116F3-4123-429D-B715-126DD9AB2342}
	EndGlobalSection
EndGlobal
